{
  "name": "generative",
  "version": "1.0.0",
  "lockfileVersion": 1,
  "requires": true,
  "dependencies": {
    "@types/p5": {
      "version": "0.7.2",
      "resolved": "https://registry.npmjs.org/@types/p5/-/p5-0.7.2.tgz",
      "integrity": "sha512-RZP5vE2HoPYP3TOCNpAK883z/0wNAgZ2svuk8o5eZ3aEREm2qaYYQW/w0373CjcmtEtYdGaeLqOgU7AaozGnNA==",
      "dev": true
    },
    "eslint-config-p5js": {
      "version": "1.0.1",
      "resolved": "https://registry.npmjs.org/eslint-config-p5js/-/eslint-config-p5js-1.0.1.tgz",
      "integrity": "sha1-wEH6jLXnoc5ZEB2pXL3fy5Q+L+I=",
      "dev": true
    }
  }
}
