{
  "name": "generative",
  "version": "1.0.0",
  "lockfileVersion": 1,
  "requires": true,
  "dependencies": {
    "@types/p5": {
      "version": "0.7.3",
      "resolved": "https://registry.npmjs.org/@types/p5/-/p5-0.7.3.tgz",
      "integrity": "sha512-VXkm/JpR5bNKHVW5wkg0thyjoMjGU7CtGKvPaoQts/nXwEmJC7vnLozkJrYDUKZr0ILGhE1ZqZJ8/nxXbk6dlw==",
      "dev": true
    },
    "eslint-config-p5js": {
      "version": "1.0.1",
      "resolved": "https://registry.npmjs.org/eslint-config-p5js/-/eslint-config-p5js-1.0.1.tgz",
      "integrity": "sha1-wEH6jLXnoc5ZEB2pXL3fy5Q+L+I=",
      "dev": true
    },
    "p5": {
      "version": "0.9.0",
      "resolved": "https://registry.npmjs.org/p5/-/p5-0.9.0.tgz",
      "integrity": "sha512-N8FzKr9SKofl4f+d9g6oYDRk5JOYgY1bIhCInzNxW7khc1zk7whQIOhaHeijSslfN3rJYfWso6Fn3O/w+TCwLg=="
    }
  }
}
